
Microsoft Visual Studio Solution File, Format Version 12.00
# Visual Studio 2015
Project("{FAE04EC0-301F-11D3-BF4B-00C04F79EFBC}") = "UnityDebuggingBug.CSharp.Plugins", "UnityDebuggingBug.CSharp.Plugins.csproj", "{6FC4EE83-E566-FE7E-9F2F-19DF8E697D8B}"
EndProject
Global
	GlobalSection(SolutionConfigurationPlatforms) = preSolution
		Debug|Any CPU = Debug|Any CPU
		Release|Any CPU = Release|Any CPU
	EndGlobalSection
	GlobalSection(ProjectConfigurationPlatforms) = postSolution
		{6FC4EE83-E566-FE7E-9F2F-19DF8E697D8B}.Debug|Any CPU.ActiveCfg = Debug|Any CPU
		{6FC4EE83-E566-FE7E-9F2F-19DF8E697D8B}.Debug|Any CPU.Build.0 = Debug|Any CPU
		{6FC4EE83-E566-FE7E-9F2F-19DF8E697D8B}.Release|Any CPU.ActiveCfg = Release|Any CPU
		{6FC4EE83-E566-FE7E-9F2F-19DF8E697D8B}.Release|Any CPU.Build.0 = Release|Any CPU
	EndGlobalSection
	GlobalSection(SolutionProperties) = preSolution
		HideSolutionNode = FALSE
	EndGlobalSection
EndGlobal
